
Microsoft Visual Studio Solution File, Format Version 12.00
# Visual Studio 15
VisualStudioVersion = 15.0.28010.2019
MinimumVisualStudioVersion = 10.0.40219.1
Project("{FAE04EC0-301F-11D3-BF4B-00C04F79EFBC}") = "LabWork3_TPP2", "TPP_LAB_3\LabWork3_TPP2.csproj", "{FE37FCEA-2ECB-4907-B2BC-C40623AEE677}"
EndProject
Global
	GlobalSection(SolutionConfigurationPlatforms) = preSolution
		Debug|Any CPU = Debug|Any CPU
		Release|Any CPU = Release|Any CPU
	EndGlobalSection
	GlobalSection(ProjectConfigurationPlatforms) = postSolution
		{FE37FCEA-2ECB-4907-B2BC-C40623AEE677}.Debug|Any CPU.ActiveCfg = Debug|Any CPU
		{FE37FCEA-2ECB-4907-B2BC-C40623AEE677}.Debug|Any CPU.Build.0 = Debug|Any CPU
		{FE37FCEA-2ECB-4907-B2BC-C40623AEE677}.Release|Any CPU.ActiveCfg = Release|Any CPU
		{FE37FCEA-2ECB-4907-B2BC-C40623AEE677}.Release|Any CPU.Build.0 = Release|Any CPU
	EndGlobalSection
	GlobalSection(SolutionProperties) = preSolution
		HideSolutionNode = FALSE
	EndGlobalSection
	GlobalSection(ExtensibilityGlobals) = postSolution
		SolutionGuid = {C725C809-1974-464A-8371-C4AFD0D53A93}
	EndGlobalSection
EndGlobal
